// !$*UTF8*$!
{
	archiveVersion = 1;
	classes = {
	};
	objectVersion = 56;
	objects = {

/* Begin PBXBuildFile section */
		E955CBFB2B3B19C4008A8544 /* HomeLogApp.swift in Sources */ = {isa = PBXBuildFile; fileRef = E955CBFA2B3B19C4008A8544 /* HomeLogApp.swift */; };
		E955CBFD2B3B19C4008A8544 /* ContentView.swift in Sources */ = {isa = PBXBuildFile; fileRef = E955CBFC2B3B19C4008A8544 /* ContentView.swift */; };
		E955CBFF2B3B19C8008A8544 /* Assets.xcassets in Resources */ = {isa = PBXBuildFile; fileRef = E955CBFE2B3B19C8008A8544 /* Assets.xcassets */; };
		E955CC022B3B19C8008A8544 /* Preview Assets.xcassets in Resources */ = {isa = PBXBuildFile; fileRef = E955CC012B3B19C8008A8544 /* Preview Assets.xcassets */; };
		E955CC0C2B3B19C9008A8544 /* HomeLogTests.swift in Sources */ = {isa = PBXBuildFile; fileRef = E955CC0B2B3B19C9008A8544 /* HomeLogTests.swift */; };
		E955CC162B3B19C9008A8544 /* HomeLogUITests.swift in Sources */ = {isa = PBXBuildFile; fileRef = E955CC152B3B19C9008A8544 /* HomeLogUITests.swift */; };
		E955CC182B3B19C9008A8544 /* HomeLogUITestsLaunchTests.swift in Sources */ = {isa = PBXBuildFile; fileRef = E955CC172B3B19C9008A8544 /* HomeLogUITestsLaunchTests.swift */; };
		E95DE82E2B442E5E00DC31A0 /* Message.swift in Sources */ = {isa = PBXBuildFile; fileRef = E95DE82D2B442E5E00DC31A0 /* Message.swift */; };
		E95DE8312B442FF900DC31A0 /* OpenAI in Frameworks */ = {isa = PBXBuildFile; productRef = E95DE8302B442FF900DC31A0 /* OpenAI */; };
		E95DE8332B44302700DC31A0 /* ChatView.swift in Sources */ = {isa = PBXBuildFile; fileRef = E95DE8322B44302700DC31A0 /* ChatView.swift */; };
		E95DE8382B44340000DC31A0 /* ChatBoxView.swift in Sources */ = {isa = PBXBuildFile; fileRef = E95DE8372B44340000DC31A0 /* ChatBoxView.swift */; };
		E95DE83A2B44343900DC31A0 /* CreateChatView.swift in Sources */ = {isa = PBXBuildFile; fileRef = E95DE8392B44343900DC31A0 /* CreateChatView.swift */; };
		E95DE83C2B44344C00DC31A0 /* FavoritesListView.swift in Sources */ = {isa = PBXBuildFile; fileRef = E95DE83B2B44344C00DC31A0 /* FavoritesListView.swift */; };
		E95DE83E2B4434E600DC31A0 /* Dialog.swift in Sources */ = {isa = PBXBuildFile; fileRef = E95DE83D2B4434E600DC31A0 /* Dialog.swift */; };
		E95DE8402B44352F00DC31A0 /* SampleDialogs.swift in Sources */ = {isa = PBXBuildFile; fileRef = E95DE83F2B44352F00DC31A0 /* SampleDialogs.swift */; };
		E95DE8422B44357000DC31A0 /* DialogView.swift in Sources */ = {isa = PBXBuildFile; fileRef = E95DE8412B44357000DC31A0 /* DialogView.swift */; };
		E95DE8452B4435B900DC31A0 /* ChatViewModel.swift in Sources */ = {isa = PBXBuildFile; fileRef = E95DE8442B4435B900DC31A0 /* ChatViewModel.swift */; };
		E95DE8472B4435F500DC31A0 /* MessageView.swift in Sources */ = {isa = PBXBuildFile; fileRef = E95DE8462B4435F500DC31A0 /* MessageView.swift */; };
		E95DE8492B44363E00DC31A0 /* DialogCellView.swift in Sources */ = {isa = PBXBuildFile; fileRef = E95DE8482B44363E00DC31A0 /* DialogCellView.swift */; };
		E95DE84B2B44366800DC31A0 /* TestMessageBcsFuckingPreviewProviderNotWorks.swift in Sources */ = {isa = PBXBuildFile; fileRef = E95DE84A2B44366800DC31A0 /* TestMessageBcsFuckingPreviewProviderNotWorks.swift */; };
		E95DE84D2B4436A300DC31A0 /* EnterDialogNameView.swift in Sources */ = {isa = PBXBuildFile; fileRef = E95DE84C2B4436A300DC31A0 /* EnterDialogNameView.swift */; };
		E95DE84F2B4436D600DC31A0 /* SuccessSaveDialogView.swift in Sources */ = {isa = PBXBuildFile; fileRef = E95DE84E2B4436D600DC31A0 /* SuccessSaveDialogView.swift */; };
		E95DE8522B44377E00DC31A0 /* Constants.swift in Sources */ = {isa = PBXBuildFile; fileRef = E95DE8512B44377E00DC31A0 /* Constants.swift */; };
		E95DE8542B44383600DC31A0 /* AppDelegate.swift in Sources */ = {isa = PBXBuildFile; fileRef = E95DE8532B44383600DC31A0 /* AppDelegate.swift */; };
		E95DE8562B44385100DC31A0 /* PreviewSampleData.swift in Sources */ = {isa = PBXBuildFile; fileRef = E95DE8552B44385100DC31A0 /* PreviewSampleData.swift */; };
		E96F5D782B43E8BF00DE5959 /* .gitignore in Resources */ = {isa = PBXBuildFile; fileRef = E96F5D772B43E8BF00DE5959 /* .gitignore */; };
		E9BC84C12B3DAFBD009863D7 /* AddStockView.swift in Sources */ = {isa = PBXBuildFile; fileRef = E9BC84C02B3DAFBD009863D7 /* AddStockView.swift */; };
		E9BC84C32B3DB13F009863D7 /* HomeView.swift in Sources */ = {isa = PBXBuildFile; fileRef = E9BC84C22B3DB13F009863D7 /* HomeView.swift */; };
		E9BC84C52B3DB150009863D7 /* ProfileView.swift in Sources */ = {isa = PBXBuildFile; fileRef = E9BC84C42B3DB150009863D7 /* ProfileView.swift */; };
		E9E73CF72B42E33F008E1BC6 /* DataItem.swift in Sources */ = {isa = PBXBuildFile; fileRef = E9E73CF62B42E33F008E1BC6 /* DataItem.swift */; };
		E9E73CFD2B430F62008E1BC6 /* YOLOv3.mlmodel in Sources */ = {isa = PBXBuildFile; fileRef = E9E73CFC2B430F62008E1BC6 /* YOLOv3.mlmodel */; };
/* End PBXBuildFile section */

/* Begin PBXContainerItemProxy section */
		E955CC082B3B19C9008A8544 /* PBXContainerItemProxy */ = {
			isa = PBXContainerItemProxy;
			containerPortal = E955CBEF2B3B19C4008A8544 /* Project object */;
			proxyType = 1;
			remoteGlobalIDString = E955CBF62B3B19C4008A8544;
			remoteInfo = HomeLog;
		};
		E955CC122B3B19C9008A8544 /* PBXContainerItemProxy */ = {
			isa = PBXContainerItemProxy;
			containerPortal = E955CBEF2B3B19C4008A8544 /* Project object */;
			proxyType = 1;
			remoteGlobalIDString = E955CBF62B3B19C4008A8544;
			remoteInfo = HomeLog;
		};
/* End PBXContainerItemProxy section */

/* Begin PBXFileReference section */
		E955CBF72B3B19C4008A8544 /* HomeLog.app */ = {isa = PBXFileReference; explicitFileType = wrapper.application; includeInIndex = 0; path = HomeLog.app; sourceTree = BUILT_PRODUCTS_DIR; };
		E955CBFA2B3B19C4008A8544 /* HomeLogApp.swift */ = {isa = PBXFileReference; lastKnownFileType = sourcecode.swift; path = HomeLogApp.swift; sourceTree = "<group>"; };
		E955CBFC2B3B19C4008A8544 /* ContentView.swift */ = {isa = PBXFileReference; lastKnownFileType = sourcecode.swift; path = ContentView.swift; sourceTree = "<group>"; };
		E955CBFE2B3B19C8008A8544 /* Assets.xcassets */ = {isa = PBXFileReference; lastKnownFileType = folder.assetcatalog; path = Assets.xcassets; sourceTree = "<group>"; };
		E955CC012B3B19C8008A8544 /* Preview Assets.xcassets */ = {isa = PBXFileReference; lastKnownFileType = folder.assetcatalog; path = "Preview Assets.xcassets"; sourceTree = "<group>"; };
		E955CC072B3B19C9008A8544 /* HomeLogTests.xctest */ = {isa = PBXFileReference; explicitFileType = wrapper.cfbundle; includeInIndex = 0; path = HomeLogTests.xctest; sourceTree = BUILT_PRODUCTS_DIR; };
		E955CC0B2B3B19C9008A8544 /* HomeLogTests.swift */ = {isa = PBXFileReference; lastKnownFileType = sourcecode.swift; path = HomeLogTests.swift; sourceTree = "<group>"; };
		E955CC112B3B19C9008A8544 /* HomeLogUITests.xctest */ = {isa = PBXFileReference; explicitFileType = wrapper.cfbundle; includeInIndex = 0; path = HomeLogUITests.xctest; sourceTree = BUILT_PRODUCTS_DIR; };
		E955CC152B3B19C9008A8544 /* HomeLogUITests.swift */ = {isa = PBXFileReference; lastKnownFileType = sourcecode.swift; path = HomeLogUITests.swift; sourceTree = "<group>"; };
		E955CC172B3B19C9008A8544 /* HomeLogUITestsLaunchTests.swift */ = {isa = PBXFileReference; lastKnownFileType = sourcecode.swift; path = HomeLogUITestsLaunchTests.swift; sourceTree = "<group>"; };
		E95DE82D2B442E5E00DC31A0 /* Message.swift */ = {isa = PBXFileReference; lastKnownFileType = sourcecode.swift; path = Message.swift; sourceTree = "<group>"; };
		E95DE8322B44302700DC31A0 /* ChatView.swift */ = {isa = PBXFileReference; lastKnownFileType = sourcecode.swift; path = ChatView.swift; sourceTree = "<group>"; };
		E95DE8372B44340000DC31A0 /* ChatBoxView.swift */ = {isa = PBXFileReference; lastKnownFileType = sourcecode.swift; path = ChatBoxView.swift; sourceTree = "<group>"; };
		E95DE8392B44343900DC31A0 /* CreateChatView.swift */ = {isa = PBXFileReference; lastKnownFileType = sourcecode.swift; path = CreateChatView.swift; sourceTree = "<group>"; };
		E95DE83B2B44344C00DC31A0 /* FavoritesListView.swift */ = {isa = PBXFileReference; lastKnownFileType = sourcecode.swift; path = FavoritesListView.swift; sourceTree = "<group>"; };
		E95DE83D2B4434E600DC31A0 /* Dialog.swift */ = {isa = PBXFileReference; lastKnownFileType = sourcecode.swift; path = Dialog.swift; sourceTree = "<group>"; };
		E95DE83F2B44352F00DC31A0 /* SampleDialogs.swift */ = {isa = PBXFileReference; lastKnownFileType = sourcecode.swift; path = SampleDialogs.swift; sourceTree = "<group>"; };
		E95DE8412B44357000DC31A0 /* DialogView.swift */ = {isa = PBXFileReference; lastKnownFileType = sourcecode.swift; path = DialogView.swift; sourceTree = "<group>"; };
		E95DE8442B4435B900DC31A0 /* ChatViewModel.swift */ = {isa = PBXFileReference; lastKnownFileType = sourcecode.swift; path = ChatViewModel.swift; sourceTree = "<group>"; };
		E95DE8462B4435F500DC31A0 /* MessageView.swift */ = {isa = PBXFileReference; lastKnownFileType = sourcecode.swift; path = MessageView.swift; sourceTree = "<group>"; };
		E95DE8482B44363E00DC31A0 /* DialogCellView.swift */ = {isa = PBXFileReference; lastKnownFileType = sourcecode.swift; path = DialogCellView.swift; sourceTree = "<group>"; };
		E95DE84A2B44366800DC31A0 /* TestMessageBcsFuckingPreviewProviderNotWorks.swift */ = {isa = PBXFileReference; lastKnownFileType = sourcecode.swift; path = TestMessageBcsFuckingPreviewProviderNotWorks.swift; sourceTree = "<group>"; };
		E95DE84C2B4436A300DC31A0 /* EnterDialogNameView.swift */ = {isa = PBXFileReference; lastKnownFileType = sourcecode.swift; path = EnterDialogNameView.swift; sourceTree = "<group>"; };
		E95DE84E2B4436D600DC31A0 /* SuccessSaveDialogView.swift */ = {isa = PBXFileReference; lastKnownFileType = sourcecode.swift; path = SuccessSaveDialogView.swift; sourceTree = "<group>"; };
		E95DE8512B44377E00DC31A0 /* Constants.swift */ = {isa = PBXFileReference; lastKnownFileType = sourcecode.swift; path = Constants.swift; sourceTree = "<group>"; };
		E95DE8532B44383600DC31A0 /* AppDelegate.swift */ = {isa = PBXFileReference; lastKnownFileType = sourcecode.swift; path = AppDelegate.swift; sourceTree = "<group>"; };
		E95DE8552B44385100DC31A0 /* PreviewSampleData.swift */ = {isa = PBXFileReference; lastKnownFileType = sourcecode.swift; path = PreviewSampleData.swift; sourceTree = "<group>"; };
		E96F5D772B43E8BF00DE5959 /* .gitignore */ = {isa = PBXFileReference; fileEncoding = 4; lastKnownFileType = text; path = .gitignore; sourceTree = SOURCE_ROOT; };
		E9BC84C02B3DAFBD009863D7 /* AddStockView.swift */ = {isa = PBXFileReference; lastKnownFileType = sourcecode.swift; path = AddStockView.swift; sourceTree = "<group>"; };
		E9BC84C22B3DB13F009863D7 /* HomeView.swift */ = {isa = PBXFileReference; lastKnownFileType = sourcecode.swift; path = HomeView.swift; sourceTree = "<group>"; };
		E9BC84C42B3DB150009863D7 /* ProfileView.swift */ = {isa = PBXFileReference; lastKnownFileType = sourcecode.swift; path = ProfileView.swift; sourceTree = "<group>"; };
		E9E73CF62B42E33F008E1BC6 /* DataItem.swift */ = {isa = PBXFileReference; lastKnownFileType = sourcecode.swift; path = DataItem.swift; sourceTree = "<group>"; };
		E9E73CFC2B430F62008E1BC6 /* YOLOv3.mlmodel */ = {isa = PBXFileReference; lastKnownFileType = file.mlmodel; path = YOLOv3.mlmodel; sourceTree = "<group>"; };
		E9E73CFE2B4316D5008E1BC6 /* Info.plist */ = {isa = PBXFileReference; lastKnownFileType = text.plist; path = Info.plist; sourceTree = "<group>"; };
/* End PBXFileReference section */

/* Begin PBXFrameworksBuildPhase section */
		E955CBF42B3B19C4008A8544 /* Frameworks */ = {
			isa = PBXFrameworksBuildPhase;
			buildActionMask = 2147483647;
			files = (
				E95DE8312B442FF900DC31A0 /* OpenAI in Frameworks */,
			);
			runOnlyForDeploymentPostprocessing = 0;
		};
		E955CC042B3B19C9008A8544 /* Frameworks */ = {
			isa = PBXFrameworksBuildPhase;
			buildActionMask = 2147483647;
			files = (
			);
			runOnlyForDeploymentPostprocessing = 0;
		};
		E955CC0E2B3B19C9008A8544 /* Frameworks */ = {
			isa = PBXFrameworksBuildPhase;
			buildActionMask = 2147483647;
			files = (
			);
			runOnlyForDeploymentPostprocessing = 0;
		};
/* End PBXFrameworksBuildPhase section */

/* Begin PBXGroup section */
		E955CBEE2B3B19C4008A8544 = {
			isa = PBXGroup;
			children = (
				E955CBF92B3B19C4008A8544 /* HomeLog */,
				E955CC0A2B3B19C9008A8544 /* HomeLogTests */,
				E955CC142B3B19C9008A8544 /* HomeLogUITests */,
				E955CBF82B3B19C4008A8544 /* Products */,
			);
			sourceTree = "<group>";
		};
		E955CBF82B3B19C4008A8544 /* Products */ = {
			isa = PBXGroup;
			children = (
				E955CBF72B3B19C4008A8544 /* HomeLog.app */,
				E955CC072B3B19C9008A8544 /* HomeLogTests.xctest */,
				E955CC112B3B19C9008A8544 /* HomeLogUITests.xctest */,
			);
			name = Products;
			sourceTree = "<group>";
		};
		E955CBF92B3B19C4008A8544 /* HomeLog */ = {
			isa = PBXGroup;
			children = (
				E96F5D772B43E8BF00DE5959 /* .gitignore */,
				E9E73CFE2B4316D5008E1BC6 /* Info.plist */,
				E9E73CFC2B430F62008E1BC6 /* YOLOv3.mlmodel */,
				E95DE8432B44359800DC31A0 /* ViewModel */,
				E95DE82C2B442E4700DC31A0 /* Models */,
				E9BC84BB2B3D4D65009863D7 /* Views */,
				E955CBFC2B3B19C4008A8544 /* ContentView.swift */,
				E955CC002B3B19C8008A8544 /* Preview Content */,
				E955CBFE2B3B19C8008A8544 /* Assets.xcassets */,
				E95DE8502B4436FF00DC31A0 /* SupportingFiles */,
			);
			path = HomeLog;
			sourceTree = "<group>";
		};
		E955CC002B3B19C8008A8544 /* Preview Content */ = {
			isa = PBXGroup;
			children = (
				E955CC012B3B19C8008A8544 /* Preview Assets.xcassets */,
			);
			path = "Preview Content";
			sourceTree = "<group>";
		};
		E955CC0A2B3B19C9008A8544 /* HomeLogTests */ = {
			isa = PBXGroup;
			children = (
				E955CC0B2B3B19C9008A8544 /* HomeLogTests.swift */,
			);
			path = HomeLogTests;
			sourceTree = "<group>";
		};
		E955CC142B3B19C9008A8544 /* HomeLogUITests */ = {
			isa = PBXGroup;
			children = (
				E955CC152B3B19C9008A8544 /* HomeLogUITests.swift */,
				E955CC172B3B19C9008A8544 /* HomeLogUITestsLaunchTests.swift */,
			);
			path = HomeLogUITests;
			sourceTree = "<group>";
		};
		E95DE82C2B442E4700DC31A0 /* Models */ = {
			isa = PBXGroup;
			children = (
				E9E73CF62B42E33F008E1BC6 /* DataItem.swift */,
				E95DE82D2B442E5E00DC31A0 /* Message.swift */,
				E95DE83D2B4434E600DC31A0 /* Dialog.swift */,
				E95DE83F2B44352F00DC31A0 /* SampleDialogs.swift */,
			);
			path = Models;
			sourceTree = "<group>";
		};
		E95DE8342B44334800DC31A0 /* Screens */ = {
			isa = PBXGroup;
			children = (
				E95DE8362B4433CC00DC31A0 /* ChatViews */,
				E9BC84C22B3DB13F009863D7 /* HomeView.swift */,
				E9BC84C02B3DAFBD009863D7 /* AddStockView.swift */,
				E95DE8322B44302700DC31A0 /* ChatView.swift */,
				E9BC84C42B3DB150009863D7 /* ProfileView.swift */,
			);
			path = Screens;
			sourceTree = "<group>";
		};
		E95DE8352B44335200DC31A0 /* Support */ = {
			isa = PBXGroup;
			children = (
				E95DE8462B4435F500DC31A0 /* MessageView.swift */,
				E95DE8482B44363E00DC31A0 /* DialogCellView.swift */,
				E95DE84A2B44366800DC31A0 /* TestMessageBcsFuckingPreviewProviderNotWorks.swift */,
				E95DE84C2B4436A300DC31A0 /* EnterDialogNameView.swift */,
				E95DE84E2B4436D600DC31A0 /* SuccessSaveDialogView.swift */,
			);
			path = Support;
			sourceTree = "<group>";
		};
		E95DE8362B4433CC00DC31A0 /* ChatViews */ = {
			isa = PBXGroup;
			children = (
				E95DE8372B44340000DC31A0 /* ChatBoxView.swift */,
				E95DE8392B44343900DC31A0 /* CreateChatView.swift */,
				E95DE83B2B44344C00DC31A0 /* FavoritesListView.swift */,
				E95DE8412B44357000DC31A0 /* DialogView.swift */,
			);
			path = ChatViews;
			sourceTree = "<group>";
		};
		E95DE8432B44359800DC31A0 /* ViewModel */ = {
			isa = PBXGroup;
			children = (
				E95DE8442B4435B900DC31A0 /* ChatViewModel.swift */,
			);
			path = ViewModel;
			sourceTree = "<group>";
		};
		E95DE8502B4436FF00DC31A0 /* SupportingFiles */ = {
			isa = PBXGroup;
			children = (
				E955CBFA2B3B19C4008A8544 /* HomeLogApp.swift */,
				E95DE8512B44377E00DC31A0 /* Constants.swift */,
				E95DE8532B44383600DC31A0 /* AppDelegate.swift */,
				E95DE8552B44385100DC31A0 /* PreviewSampleData.swift */,
			);
			path = SupportingFiles;
			sourceTree = "<group>";
		};
		E9BC84BB2B3D4D65009863D7 /* Views */ = {
			isa = PBXGroup;
			children = (
				E95DE8352B44335200DC31A0 /* Support */,
				E95DE8342B44334800DC31A0 /* Screens */,
			);
			path = Views;
			sourceTree = "<group>";
		};
/* End PBXGroup section */

/* Begin PBXNativeTarget section */
		E955CBF62B3B19C4008A8544 /* HomeLog */ = {
			isa = PBXNativeTarget;
			buildConfigurationList = E955CC1B2B3B19C9008A8544 /* Build configuration list for PBXNativeTarget "HomeLog" */;
			buildPhases = (
				E955CBF32B3B19C4008A8544 /* Sources */,
				E955CBF42B3B19C4008A8544 /* Frameworks */,
				E955CBF52B3B19C4008A8544 /* Resources */,
			);
			buildRules = (
			);
			dependencies = (
			);
			name = HomeLog;
			packageProductDependencies = (
				E95DE8302B442FF900DC31A0 /* OpenAI */,
			);
			productName = HomeLog;
			productReference = E955CBF72B3B19C4008A8544 /* HomeLog.app */;
			productType = "com.apple.product-type.application";
		};
		E955CC062B3B19C9008A8544 /* HomeLogTests */ = {
			isa = PBXNativeTarget;
			buildConfigurationList = E955CC1E2B3B19C9008A8544 /* Build configuration list for PBXNativeTarget "HomeLogTests" */;
			buildPhases = (
				E955CC032B3B19C9008A8544 /* Sources */,
				E955CC042B3B19C9008A8544 /* Frameworks */,
				E955CC052B3B19C9008A8544 /* Resources */,
			);
			buildRules = (
			);
			dependencies = (
				E955CC092B3B19C9008A8544 /* PBXTargetDependency */,
			);
			name = HomeLogTests;
			productName = HomeLogTests;
			productReference = E955CC072B3B19C9008A8544 /* HomeLogTests.xctest */;
			productType = "com.apple.product-type.bundle.unit-test";
		};
		E955CC102B3B19C9008A8544 /* HomeLogUITests */ = {
			isa = PBXNativeTarget;
			buildConfigurationList = E955CC212B3B19C9008A8544 /* Build configuration list for PBXNativeTarget "HomeLogUITests" */;
			buildPhases = (
				E955CC0D2B3B19C9008A8544 /* Sources */,
				E955CC0E2B3B19C9008A8544 /* Frameworks */,
				E955CC0F2B3B19C9008A8544 /* Resources */,
			);
			buildRules = (
			);
			dependencies = (
				E955CC132B3B19C9008A8544 /* PBXTargetDependency */,
			);
			name = HomeLogUITests;
			productName = HomeLogUITests;
			productReference = E955CC112B3B19C9008A8544 /* HomeLogUITests.xctest */;
			productType = "com.apple.product-type.bundle.ui-testing";
		};
/* End PBXNativeTarget section */

/* Begin PBXProject section */
		E955CBEF2B3B19C4008A8544 /* Project object */ = {
			isa = PBXProject;
			attributes = {
				BuildIndependentTargetsInParallel = 1;
				LastSwiftUpdateCheck = 1420;
				LastUpgradeCheck = 1420;
				TargetAttributes = {
					E955CBF62B3B19C4008A8544 = {
						CreatedOnToolsVersion = 14.2;
					};
					E955CC062B3B19C9008A8544 = {
						CreatedOnToolsVersion = 14.2;
						TestTargetID = E955CBF62B3B19C4008A8544;
					};
					E955CC102B3B19C9008A8544 = {
						CreatedOnToolsVersion = 14.2;
						TestTargetID = E955CBF62B3B19C4008A8544;
					};
				};
			};
			buildConfigurationList = E955CBF22B3B19C4008A8544 /* Build configuration list for PBXProject "HomeLog" */;
			compatibilityVersion = "Xcode 14.0";
			developmentRegion = en;
			hasScannedForEncodings = 0;
			knownRegions = (
				en,
				Base,
			);
			mainGroup = E955CBEE2B3B19C4008A8544;
			packageReferences = (
				E95DE82F2B442FF900DC31A0 /* XCRemoteSwiftPackageReference "OpenAI" */,
			);
			productRefGroup = E955CBF82B3B19C4008A8544 /* Products */;
			projectDirPath = "";
			projectRoot = "";
			targets = (
				E955CBF62B3B19C4008A8544 /* HomeLog */,
				E955CC062B3B19C9008A8544 /* HomeLogTests */,
				E955CC102B3B19C9008A8544 /* HomeLogUITests */,
			);
		};
/* End PBXProject section */

/* Begin PBXResourcesBuildPhase section */
		E955CBF52B3B19C4008A8544 /* Resources */ = {
			isa = PBXResourcesBuildPhase;
			buildActionMask = 2147483647;
			files = (
				E955CC022B3B19C8008A8544 /* Preview Assets.xcassets in Resources */,
				E96F5D782B43E8BF00DE5959 /* .gitignore in Resources */,
				E955CBFF2B3B19C8008A8544 /* Assets.xcassets in Resources */,
			);
			runOnlyForDeploymentPostprocessing = 0;
		};
		E955CC052B3B19C9008A8544 /* Resources */ = {
			isa = PBXResourcesBuildPhase;
			buildActionMask = 2147483647;
			files = (
			);
			runOnlyForDeploymentPostprocessing = 0;
		};
		E955CC0F2B3B19C9008A8544 /* Resources */ = {
			isa = PBXResourcesBuildPhase;
			buildActionMask = 2147483647;
			files = (
			);
			runOnlyForDeploymentPostprocessing = 0;
		};
/* End PBXResourcesBuildPhase section */

/* Begin PBXSourcesBuildPhase section */
		E955CBF32B3B19C4008A8544 /* Sources */ = {
			isa = PBXSourcesBuildPhase;
			buildActionMask = 2147483647;
			files = (
				E95DE8382B44340000DC31A0 /* ChatBoxView.swift in Sources */,
				E955CBFD2B3B19C4008A8544 /* ContentView.swift in Sources */,
				E95DE84D2B4436A300DC31A0 /* EnterDialogNameView.swift in Sources */,
				E9BC84C52B3DB150009863D7 /* ProfileView.swift in Sources */,
				E9E73CFD2B430F62008E1BC6 /* YOLOv3.mlmodel in Sources */,
				E9E73CF72B42E33F008E1BC6 /* DataItem.swift in Sources */,
				E95DE8472B4435F500DC31A0 /* MessageView.swift in Sources */,
				E95DE8332B44302700DC31A0 /* ChatView.swift in Sources */,
				E95DE8562B44385100DC31A0 /* PreviewSampleData.swift in Sources */,
				E95DE84B2B44366800DC31A0 /* TestMessageBcsFuckingPreviewProviderNotWorks.swift in Sources */,
				E95DE8522B44377E00DC31A0 /* Constants.swift in Sources */,
				E955CBFB2B3B19C4008A8544 /* HomeLogApp.swift in Sources */,
				E95DE8422B44357000DC31A0 /* DialogView.swift in Sources */,
				E95DE82E2B442E5E00DC31A0 /* Message.swift in Sources */,
				E95DE84F2B4436D600DC31A0 /* SuccessSaveDialogView.swift in Sources */,
				E95DE83C2B44344C00DC31A0 /* FavoritesListView.swift in Sources */,
				E95DE8452B4435B900DC31A0 /* ChatViewModel.swift in Sources */,
				E95DE8492B44363E00DC31A0 /* DialogCellView.swift in Sources */,
				E95DE83A2B44343900DC31A0 /* CreateChatView.swift in Sources */,
				E95DE83E2B4434E600DC31A0 /* Dialog.swift in Sources */,
				E9BC84C32B3DB13F009863D7 /* HomeView.swift in Sources */,
				E9BC84C12B3DAFBD009863D7 /* AddStockView.swift in Sources */,
				E95DE8402B44352F00DC31A0 /* SampleDialogs.swift in Sources */,
				E95DE8542B44383600DC31A0 /* AppDelegate.swift in Sources */,
			);
			runOnlyForDeploymentPostprocessing = 0;
		};
		E955CC032B3B19C9008A8544 /* Sources */ = {
			isa = PBXSourcesBuildPhase;
			buildActionMask = 2147483647;
			files = (
				E955CC0C2B3B19C9008A8544 /* HomeLogTests.swift in Sources */,
			);
			runOnlyForDeploymentPostprocessing = 0;
		};
		E955CC0D2B3B19C9008A8544 /* Sources */ = {
			isa = PBXSourcesBuildPhase;
			buildActionMask = 2147483647;
			files = (
				E955CC182B3B19C9008A8544 /* HomeLogUITestsLaunchTests.swift in Sources */,
				E955CC162B3B19C9008A8544 /* HomeLogUITests.swift in Sources */,
			);
			runOnlyForDeploymentPostprocessing = 0;
		};
/* End PBXSourcesBuildPhase section */

/* Begin PBXTargetDependency section */
		E955CC092B3B19C9008A8544 /* PBXTargetDependency */ = {
			isa = PBXTargetDependency;
			target = E955CBF62B3B19C4008A8544 /* HomeLog */;
			targetProxy = E955CC082B3B19C9008A8544 /* PBXContainerItemProxy */;
		};
		E955CC132B3B19C9008A8544 /* PBXTargetDependency */ = {
			isa = PBXTargetDependency;
			target = E955CBF62B3B19C4008A8544 /* HomeLog */;
			targetProxy = E955CC122B3B19C9008A8544 /* PBXContainerItemProxy */;
		};
/* End PBXTargetDependency section */

/* Begin XCBuildConfiguration section */
		E955CC192B3B19C9008A8544 /* Debug */ = {
			isa = XCBuildConfiguration;
			buildSettings = {
				ALWAYS_SEARCH_USER_PATHS = NO;
				CLANG_ANALYZER_NONNULL = YES;
				CLANG_ANALYZER_NUMBER_OBJECT_CONVERSION = YES_AGGRESSIVE;
				CLANG_CXX_LANGUAGE_STANDARD = "gnu++20";
				CLANG_ENABLE_MODULES = YES;
				CLANG_ENABLE_OBJC_ARC = YES;
				CLANG_ENABLE_OBJC_WEAK = YES;
				CLANG_WARN_BLOCK_CAPTURE_AUTORELEASING = YES;
				CLANG_WARN_BOOL_CONVERSION = YES;
				CLANG_WARN_COMMA = YES;
				CLANG_WARN_CONSTANT_CONVERSION = YES;
				CLANG_WARN_DEPRECATED_OBJC_IMPLEMENTATIONS = YES;
				CLANG_WARN_DIRECT_OBJC_ISA_USAGE = YES_ERROR;
				CLANG_WARN_DOCUMENTATION_COMMENTS = YES;
				CLANG_WARN_EMPTY_BODY = YES;
				CLANG_WARN_ENUM_CONVERSION = YES;
				CLANG_WARN_INFINITE_RECURSION = YES;
				CLANG_WARN_INT_CONVERSION = YES;
				CLANG_WARN_NON_LITERAL_NULL_CONVERSION = YES;
				CLANG_WARN_OBJC_IMPLICIT_RETAIN_SELF = YES;
				CLANG_WARN_OBJC_LITERAL_CONVERSION = YES;
				CLANG_WARN_OBJC_ROOT_CLASS = YES_ERROR;
				CLANG_WARN_QUOTED_INCLUDE_IN_FRAMEWORK_HEADER = YES;
				CLANG_WARN_RANGE_LOOP_ANALYSIS = YES;
				CLANG_WARN_STRICT_PROTOTYPES = YES;
				CLANG_WARN_SUSPICIOUS_MOVE = YES;
				CLANG_WARN_UNGUARDED_AVAILABILITY = YES_AGGRESSIVE;
				CLANG_WARN_UNREACHABLE_CODE = YES;
				CLANG_WARN__DUPLICATE_METHOD_MATCH = YES;
				COPY_PHASE_STRIP = NO;
				DEBUG_INFORMATION_FORMAT = dwarf;
				ENABLE_STRICT_OBJC_MSGSEND = YES;
				ENABLE_TESTABILITY = YES;
				GCC_C_LANGUAGE_STANDARD = gnu11;
				GCC_DYNAMIC_NO_PIC = NO;
				GCC_NO_COMMON_BLOCKS = YES;
				GCC_OPTIMIZATION_LEVEL = 0;
				GCC_PREPROCESSOR_DEFINITIONS = (
					"DEBUG=1",
					"$(inherited)",
				);
				GCC_WARN_64_TO_32_BIT_CONVERSION = YES;
				GCC_WARN_ABOUT_RETURN_TYPE = YES_ERROR;
				GCC_WARN_UNDECLARED_SELECTOR = YES;
				GCC_WARN_UNINITIALIZED_AUTOS = YES_AGGRESSIVE;
				GCC_WARN_UNUSED_FUNCTION = YES;
				GCC_WARN_UNUSED_VARIABLE = YES;
				IPHONEOS_DEPLOYMENT_TARGET = 16.2;
				MTL_ENABLE_DEBUG_INFO = INCLUDE_SOURCE;
				MTL_FAST_MATH = YES;
				ONLY_ACTIVE_ARCH = YES;
				SDKROOT = iphoneos;
				SWIFT_ACTIVE_COMPILATION_CONDITIONS = DEBUG;
				SWIFT_OPTIMIZATION_LEVEL = "-Onone";
			};
			name = Debug;
		};
		E955CC1A2B3B19C9008A8544 /* Release */ = {
			isa = XCBuildConfiguration;
			buildSettings = {
				ALWAYS_SEARCH_USER_PATHS = NO;
				CLANG_ANALYZER_NONNULL = YES;
				CLANG_ANALYZER_NUMBER_OBJECT_CONVERSION = YES_AGGRESSIVE;
				CLANG_CXX_LANGUAGE_STANDARD = "gnu++20";
				CLANG_ENABLE_MODULES = YES;
				CLANG_ENABLE_OBJC_ARC = YES;
				CLANG_ENABLE_OBJC_WEAK = YES;
				CLANG_WARN_BLOCK_CAPTURE_AUTORELEASING = YES;
				CLANG_WARN_BOOL_CONVERSION = YES;
				CLANG_WARN_COMMA = YES;
				CLANG_WARN_CONSTANT_CONVERSION = YES;
				CLANG_WARN_DEPRECATED_OBJC_IMPLEMENTATIONS = YES;
				CLANG_WARN_DIRECT_OBJC_ISA_USAGE = YES_ERROR;
				CLANG_WARN_DOCUMENTATION_COMMENTS = YES;
				CLANG_WARN_EMPTY_BODY = YES;
				CLANG_WARN_ENUM_CONVERSION = YES;
				CLANG_WARN_INFINITE_RECURSION = YES;
				CLANG_WARN_INT_CONVERSION = YES;
				CLANG_WARN_NON_LITERAL_NULL_CONVERSION = YES;
				CLANG_WARN_OBJC_IMPLICIT_RETAIN_SELF = YES;
				CLANG_WARN_OBJC_LITERAL_CONVERSION = YES;
				CLANG_WARN_OBJC_ROOT_CLASS = YES_ERROR;
				CLANG_WARN_QUOTED_INCLUDE_IN_FRAMEWORK_HEADER = YES;
				CLANG_WARN_RANGE_LOOP_ANALYSIS = YES;
				CLANG_WARN_STRICT_PROTOTYPES = YES;
				CLANG_WARN_SUSPICIOUS_MOVE = YES;
				CLANG_WARN_UNGUARDED_AVAILABILITY = YES_AGGRESSIVE;
				CLANG_WARN_UNREACHABLE_CODE = YES;
				CLANG_WARN__DUPLICATE_METHOD_MATCH = YES;
				COPY_PHASE_STRIP = NO;
				DEBUG_INFORMATION_FORMAT = "dwarf-with-dsym";
				ENABLE_NS_ASSERTIONS = NO;
				ENABLE_STRICT_OBJC_MSGSEND = YES;
				GCC_C_LANGUAGE_STANDARD = gnu11;
				GCC_NO_COMMON_BLOCKS = YES;
				GCC_WARN_64_TO_32_BIT_CONVERSION = YES;
				GCC_WARN_ABOUT_RETURN_TYPE = YES_ERROR;
				GCC_WARN_UNDECLARED_SELECTOR = YES;
				GCC_WARN_UNINITIALIZED_AUTOS = YES_AGGRESSIVE;
				GCC_WARN_UNUSED_FUNCTION = YES;
				GCC_WARN_UNUSED_VARIABLE = YES;
				IPHONEOS_DEPLOYMENT_TARGET = 16.2;
				MTL_ENABLE_DEBUG_INFO = NO;
				MTL_FAST_MATH = YES;
				SDKROOT = iphoneos;
				SWIFT_COMPILATION_MODE = wholemodule;
				SWIFT_OPTIMIZATION_LEVEL = "-O";
				VALIDATE_PRODUCT = YES;
			};
			name = Release;
		};
		E955CC1C2B3B19C9008A8544 /* Debug */ = {
			isa = XCBuildConfiguration;
			buildSettings = {
				ASSETCATALOG_COMPILER_APPICON_NAME = AppIcon;
				ASSETCATALOG_COMPILER_GLOBAL_ACCENT_COLOR_NAME = AccentColor;
				CODE_SIGN_STYLE = Automatic;
				CURRENT_PROJECT_VERSION = 6;
				DEVELOPMENT_ASSET_PATHS = "\"HomeLog/Preview Content\"";
				DEVELOPMENT_TEAM = F9KGVMXYFQ;
				ENABLE_PREVIEWS = YES;
				GENERATE_INFOPLIST_FILE = YES;
				INFOPLIST_FILE = HomeLog/Info.plist;
				INFOPLIST_KEY_UIApplicationSceneManifest_Generation = YES;
				INFOPLIST_KEY_UIApplicationSupportsIndirectInputEvents = YES;
				INFOPLIST_KEY_UILaunchScreen_Generation = YES;
				INFOPLIST_KEY_UISupportedInterfaceOrientations_iPad = "UIInterfaceOrientationPortrait UIInterfaceOrientationPortraitUpsideDown UIInterfaceOrientationLandscapeLeft UIInterfaceOrientationLandscapeRight";
				INFOPLIST_KEY_UISupportedInterfaceOrientations_iPhone = "UIInterfaceOrientationPortrait UIInterfaceOrientationLandscapeLeft UIInterfaceOrientationLandscapeRight";
				IPHONEOS_DEPLOYMENT_TARGET = 17.0;
				LD_RUNPATH_SEARCH_PATHS = (
					"$(inherited)",
					"@executable_path/Frameworks",
				);
				MARKETING_VERSION = 1.0;
				PRODUCT_BUNDLE_IDENTIFIER = com.jiayuhuang.HomeLog;
				PRODUCT_NAME = "$(TARGET_NAME)";
				SWIFT_EMIT_LOC_STRINGS = YES;
				SWIFT_VERSION = 5.0;
				TARGETED_DEVICE_FAMILY = "1,2";
				error = "";
			};
			name = Debug;
		};
		E955CC1D2B3B19C9008A8544 /* Release */ = {
			isa = XCBuildConfiguration;
			buildSettings = {
				ASSETCATALOG_COMPILER_APPICON_NAME = AppIcon;
				ASSETCATALOG_COMPILER_GLOBAL_ACCENT_COLOR_NAME = AccentColor;
				CODE_SIGN_STYLE = Automatic;
				CURRENT_PROJECT_VERSION = 6;
				DEVELOPMENT_ASSET_PATHS = "\"HomeLog/Preview Content\"";
				DEVELOPMENT_TEAM = F9KGVMXYFQ;
				ENABLE_PREVIEWS = YES;
				GENERATE_INFOPLIST_FILE = YES;
				INFOPLIST_FILE = HomeLog/Info.plist;
				INFOPLIST_KEY_UIApplicationSceneManifest_Generation = YES;
				INFOPLIST_KEY_UIApplicationSupportsIndirectInputEvents = YES;
				INFOPLIST_KEY_UILaunchScreen_Generation = YES;
				INFOPLIST_KEY_UISupportedInterfaceOrientations_iPad = "UIInterfaceOrientationPortrait UIInterfaceOrientationPortraitUpsideDown UIInterfaceOrientationLandscapeLeft UIInterfaceOrientationLandscapeRight";
				INFOPLIST_KEY_UISupportedInterfaceOrientations_iPhone = "UIInterfaceOrientationPortrait UIInterfaceOrientationLandscapeLeft UIInterfaceOrientationLandscapeRight";
				IPHONEOS_DEPLOYMENT_TARGET = 17.0;
				LD_RUNPATH_SEARCH_PATHS = (
					"$(inherited)",
					"@executable_path/Frameworks",
				);
				MARKETING_VERSION = 1.0;
				PRODUCT_BUNDLE_IDENTIFIER = com.jiayuhuang.HomeLog;
				PRODUCT_NAME = "$(TARGET_NAME)";
				SWIFT_EMIT_LOC_STRINGS = YES;
				SWIFT_VERSION = 5.0;
				TARGETED_DEVICE_FAMILY = "1,2";
				error = "";
			};
			name = Release;
		};
		E955CC1F2B3B19C9008A8544 /* Debug */ = {
			isa = XCBuildConfiguration;
			buildSettings = {
				ALWAYS_EMBED_SWIFT_STANDARD_LIBRARIES = YES;
				BUNDLE_LOADER = "$(TEST_HOST)";
				CODE_SIGN_STYLE = Automatic;
				CURRENT_PROJECT_VERSION = 1;
				DEVELOPMENT_TEAM = F9KGVMXYFQ;
				GENERATE_INFOPLIST_FILE = YES;
				IPHONEOS_DEPLOYMENT_TARGET = 16.2;
				MARKETING_VERSION = 1.0;
				PRODUCT_BUNDLE_IDENTIFIER = com.jiayuhuang.HomeLogTests;
				PRODUCT_NAME = "$(TARGET_NAME)";
				SWIFT_EMIT_LOC_STRINGS = NO;
				SWIFT_VERSION = 5.0;
				TARGETED_DEVICE_FAMILY = "1,2";
				TEST_HOST = "$(BUILT_PRODUCTS_DIR)/HomeLog.app/$(BUNDLE_EXECUTABLE_FOLDER_PATH)/HomeLog";
			};
			name = Debug;
		};
		E955CC202B3B19C9008A8544 /* Release */ = {
			isa = XCBuildConfiguration;
			buildSettings = {
				ALWAYS_EMBED_SWIFT_STANDARD_LIBRARIES = YES;
				BUNDLE_LOADER = "$(TEST_HOST)";
				CODE_SIGN_STYLE = Automatic;
				CURRENT_PROJECT_VERSION = 1;
				DEVELOPMENT_TEAM = F9KGVMXYFQ;
				GENERATE_INFOPLIST_FILE = YES;
				IPHONEOS_DEPLOYMENT_TARGET = 16.2;
				MARKETING_VERSION = 1.0;
				PRODUCT_BUNDLE_IDENTIFIER = com.jiayuhuang.HomeLogTests;
				PRODUCT_NAME = "$(TARGET_NAME)";
				SWIFT_EMIT_LOC_STRINGS = NO;
				SWIFT_VERSION = 5.0;
				TARGETED_DEVICE_FAMILY = "1,2";
				TEST_HOST = "$(BUILT_PRODUCTS_DIR)/HomeLog.app/$(BUNDLE_EXECUTABLE_FOLDER_PATH)/HomeLog";
			};
			name = Release;
		};
		E955CC222B3B19C9008A8544 /* Debug */ = {
			isa = XCBuildConfiguration;
			buildSettings = {
				ALWAYS_EMBED_SWIFT_STANDARD_LIBRARIES = YES;
				CODE_SIGN_STYLE = Automatic;
				CURRENT_PROJECT_VERSION = 1;
				DEVELOPMENT_TEAM = F9KGVMXYFQ;
				GENERATE_INFOPLIST_FILE = YES;
				MARKETING_VERSION = 1.0;
				PRODUCT_BUNDLE_IDENTIFIER = com.jiayuhuang.HomeLogUITests;
				PRODUCT_NAME = "$(TARGET_NAME)";
				SWIFT_EMIT_LOC_STRINGS = NO;
				SWIFT_VERSION = 5.0;
				TARGETED_DEVICE_FAMILY = "1,2";
				TEST_TARGET_NAME = HomeLog;
			};
			name = Debug;
		};
		E955CC232B3B19C9008A8544 /* Release */ = {
			isa = XCBuildConfiguration;
			buildSettings = {
				ALWAYS_EMBED_SWIFT_STANDARD_LIBRARIES = YES;
				CODE_SIGN_STYLE = Automatic;
				CURRENT_PROJECT_VERSION = 1;
				DEVELOPMENT_TEAM = F9KGVMXYFQ;
				GENERATE_INFOPLIST_FILE = YES;
				MARKETING_VERSION = 1.0;
				PRODUCT_BUNDLE_IDENTIFIER = com.jiayuhuang.HomeLogUITests;
				PRODUCT_NAME = "$(TARGET_NAME)";
				SWIFT_EMIT_LOC_STRINGS = NO;
				SWIFT_VERSION = 5.0;
				TARGETED_DEVICE_FAMILY = "1,2";
				TEST_TARGET_NAME = HomeLog;
			};
			name = Release;
		};
/* End XCBuildConfiguration section */

/* Begin XCConfigurationList section */
		E955CBF22B3B19C4008A8544 /* Build configuration list for PBXProject "HomeLog" */ = {
			isa = XCConfigurationList;
			buildConfigurations = (
				E955CC192B3B19C9008A8544 /* Debug */,
				E955CC1A2B3B19C9008A8544 /* Release */,
			);
			defaultConfigurationIsVisible = 0;
			defaultConfigurationName = Release;
		};
		E955CC1B2B3B19C9008A8544 /* Build configuration list for PBXNativeTarget "HomeLog" */ = {
			isa = XCConfigurationList;
			buildConfigurations = (
				E955CC1C2B3B19C9008A8544 /* Debug */,
				E955CC1D2B3B19C9008A8544 /* Release */,
			);
			defaultConfigurationIsVisible = 0;
			defaultConfigurationName = Release;
		};
		E955CC1E2B3B19C9008A8544 /* Build configuration list for PBXNativeTarget "HomeLogTests" */ = {
			isa = XCConfigurationList;
			buildConfigurations = (
				E955CC1F2B3B19C9008A8544 /* Debug */,
				E955CC202B3B19C9008A8544 /* Release */,
			);
			defaultConfigurationIsVisible = 0;
			defaultConfigurationName = Release;
		};
		E955CC212B3B19C9008A8544 /* Build configuration list for PBXNativeTarget "HomeLogUITests" */ = {
			isa = XCConfigurationList;
			buildConfigurations = (
				E955CC222B3B19C9008A8544 /* Debug */,
				E955CC232B3B19C9008A8544 /* Release */,
			);
			defaultConfigurationIsVisible = 0;
			defaultConfigurationName = Release;
		};
/* End XCConfigurationList section */

/* Begin XCRemoteSwiftPackageReference section */
		E95DE82F2B442FF900DC31A0 /* XCRemoteSwiftPackageReference "OpenAI" */ = {
			isa = XCRemoteSwiftPackageReference;
			repositoryURL = "https://github.com/MacPaw/OpenAI.git";
			requirement = {
				kind = upToNextMajorVersion;
				minimumVersion = 0.2.5;
			};
		};
/* End XCRemoteSwiftPackageReference section */

/* Begin XCSwiftPackageProductDependency section */
		E95DE8302B442FF900DC31A0 /* OpenAI */ = {
			isa = XCSwiftPackageProductDependency;
			package = E95DE82F2B442FF900DC31A0 /* XCRemoteSwiftPackageReference "OpenAI" */;
			productName = OpenAI;
		};
/* End XCSwiftPackageProductDependency section */
	};
	rootObject = E955CBEF2B3B19C4008A8544 /* Project object */;
}
